// !$*UTF8*$!
{
	archiveVersion = 1;
	classes = {
	};
	objectVersion = 77;
	objects = {

/* Begin PBXContainerItemProxy section */
		B59A431F2DF63B0B006CC253 /* PBXContainerItemProxy */ = {
			isa = PBXContainerItemProxy;
			containerPortal = B59A43092DF63B08006CC253 /* Project object */;
			proxyType = 1;
			remoteGlobalIDString = B59A43102DF63B08006CC253;
			remoteInfo = Motive;
		};
		B59A43292DF63B0B006CC253 /* PBXContainerItemProxy */ = {
			isa = PBXContainerItemProxy;
			containerPortal = B59A43092DF63B08006CC253 /* Project object */;
			proxyType = 1;
			remoteGlobalIDString = B59A43102DF63B08006CC253;
			remoteInfo = Motive;
		};
/* End PBXContainerItemProxy section */

/* Begin PBXFileReference section */
		B59A43112DF63B08006CC253 /* Motive.app */ = {isa = PBXFileReference; explicitFileType = wrapper.application; includeInIndex = 0; path = Motive.app; sourceTree = BUILT_PRODUCTS_DIR; };
		B59A431E2DF63B0B006CC253 /* MotiveTests.xctest */ = {isa = PBXFileReference; explicitFileType = wrapper.cfbundle; includeInIndex = 0; path = MotiveTests.xctest; sourceTree = BUILT_PRODUCTS_DIR; };
		B59A43282DF63B0B006CC253 /* MotiveUITests.xctest */ = {isa = PBXFileReference; explicitFileType = wrapper.cfbundle; includeInIndex = 0; path = MotiveUITests.xctest; sourceTree = BUILT_PRODUCTS_DIR; };
/* End PBXFileReference section */

/* Begin PBXFileSystemSynchronizedRootGroup section */
		B59A43132DF63B08006CC253 /* Motive */ = {
			isa = PBXFileSystemSynchronizedRootGroup;
			path = Motive;
			sourceTree = "<group>";
		};
		B59A43212DF63B0B006CC253 /* MotiveTests */ = {
			isa = PBXFileSystemSynchronizedRootGroup;
			path = MotiveTests;
			sourceTree = "<group>";
		};
		B59A432B2DF63B0B006CC253 /* MotiveUITests */ = {
			isa = PBXFileSystemSynchronizedRootGroup;
			path = MotiveUITests;
			sourceTree = "<group>";
		};
/* End PBXFileSystemSynchronizedRootGroup section */

/* Begin PBXFrameworksBuildPhase section */
		B59A430E2DF63B08006CC253 /* Frameworks */ = {
			isa = PBXFrameworksBuildPhase;
			buildActionMask = 2147483647;
			files = (
			);
			runOnlyForDeploymentPostprocessing = 0;
		};
		B59A431B2DF63B0B006CC253 /* Frameworks */ = {
			isa = PBXFrameworksBuildPhase;
			buildActionMask = 2147483647;
			files = (
			);
			runOnlyForDeploymentPostprocessing = 0;
		};
		B59A43252DF63B0B006CC253 /* Frameworks */ = {
			isa = PBXFrameworksBuildPhase;
			buildActionMask = 2147483647;
			files = (
			);
			runOnlyForDeploymentPostprocessing = 0;
		};
/* End PBXFrameworksBuildPhase section */

/* Begin PBXGroup section */
		B59A43082DF63B08006CC253 = {
			isa = PBXGroup;
			children = (
				B59A43132DF63B08006CC253 /* Motive */,
				B59A43212DF63B0B006CC253 /* MotiveTests */,
				B59A432B2DF63B0B006CC253 /* MotiveUITests */,
				B59A43122DF63B08006CC253 /* Products */,
			);
			sourceTree = "<group>";
		};
		B59A43122DF63B08006CC253 /* Products */ = {
			isa = PBXGroup;
			children = (
				B59A43112DF63B08006CC253 /* Motive.app */,
				B59A431E2DF63B0B006CC253 /* MotiveTests.xctest */,
				B59A43282DF63B0B006CC253 /* MotiveUITests.xctest */,
			);
			name = Products;
			sourceTree = "<group>";
		};
/* End PBXGroup section */

/* Begin PBXNativeTarget section */
		B59A43102DF63B08006CC253 /* Motive */ = {
			isa = PBXNativeTarget;
			buildConfigurationList = B59A43322DF63B0B006CC253 /* Build configuration list for PBXNativeTarget "Motive" */;
			buildPhases = (
				B59A430D2DF63B08006CC253 /* Sources */,
				B59A430E2DF63B08006CC253 /* Frameworks */,
				B59A430F2DF63B08006CC253 /* Resources */,
			);
			buildRules = (
			);
			dependencies = (
			);
			fileSystemSynchronizedGroups = (
				B59A43132DF63B08006CC253 /* Motive */,
			);
			name = Motive;
			packageProductDependencies = (
			);
			productName = Motive;
			productReference = B59A43112DF63B08006CC253 /* Motive.app */;
			productType = "com.apple.product-type.application";
		};
		B59A431D2DF63B0B006CC253 /* MotiveTests */ = {
			isa = PBXNativeTarget;
			buildConfigurationList = B59A43352DF63B0B006CC253 /* Build configuration list for PBXNativeTarget "MotiveTests" */;
			buildPhases = (
				B59A431A2DF63B0B006CC253 /* Sources */,
				B59A431B2DF63B0B006CC253 /* Frameworks */,
				B59A431C2DF63B0B006CC253 /* Resources */,
			);
			buildRules = (
			);
			dependencies = (
				B59A43202DF63B0B006CC253 /* PBXTargetDependency */,
			);
			fileSystemSynchronizedGroups = (
				B59A43212DF63B0B006CC253 /* MotiveTests */,
			);
			name = MotiveTests;
			packageProductDependencies = (
			);
			productName = MotiveTests;
			productReference = B59A431E2DF63B0B006CC253 /* MotiveTests.xctest */;
			productType = "com.apple.product-type.bundle.unit-test";
		};
		B59A43272DF63B0B006CC253 /* MotiveUITests */ = {
			isa = PBXNativeTarget;
			buildConfigurationList = B59A43382DF63B0B006CC253 /* Build configuration list for PBXNativeTarget "MotiveUITests" */;
			buildPhases = (
				B59A43242DF63B0B006CC253 /* Sources */,
				B59A43252DF63B0B006CC253 /* Frameworks */,
				B59A43262DF63B0B006CC253 /* Resources */,
			);
			buildRules = (
			);
			dependencies = (
				B59A432A2DF63B0B006CC253 /* PBXTargetDependency */,
			);
			fileSystemSynchronizedGroups = (
				B59A432B2DF63B0B006CC253 /* MotiveUITests */,
			);
			name = MotiveUITests;
			packageProductDependencies = (
			);
			productName = MotiveUITests;
			productReference = B59A43282DF63B0B006CC253 /* MotiveUITests.xctest */;
			productType = "com.apple.product-type.bundle.ui-testing";
		};
/* End PBXNativeTarget section */

/* Begin PBXProject section */
		B59A43092DF63B08006CC253 /* Project object */ = {
			isa = PBXProject;
			attributes = {
				BuildIndependentTargetsInParallel = 1;
				LastSwiftUpdateCheck = 1640;
				LastUpgradeCheck = 1640;
				TargetAttributes = {
					B59A43102DF63B08006CC253 = {
						CreatedOnToolsVersion = 16.4;
					};
					B59A431D2DF63B0B006CC253 = {
						CreatedOnToolsVersion = 16.4;
						TestTargetID = B59A43102DF63B08006CC253;
					};
					B59A43272DF63B0B006CC253 = {
						CreatedOnToolsVersion = 16.4;
						TestTargetID = B59A43102DF63B08006CC253;
					};
				};
			};
			buildConfigurationList = B59A430C2DF63B08006CC253 /* Build configuration list for PBXProject "Motive" */;
			developmentRegion = en;
			hasScannedForEncodings = 0;
			knownRegions = (
				en,
				Base,
			);
			mainGroup = B59A43082DF63B08006CC253;
			minimizedProjectReferenceProxies = 1;
			preferredProjectObjectVersion = 77;
			productRefGroup = B59A43122DF63B08006CC253 /* Products */;
			projectDirPath = "";
			projectRoot = "";
			targets = (
				B59A43102DF63B08006CC253 /* Motive */,
				B59A431D2DF63B0B006CC253 /* MotiveTests */,
				B59A43272DF63B0B006CC253 /* MotiveUITests */,
			);
		};
/* End PBXProject section */

/* Begin PBXResourcesBuildPhase section */
		B59A430F2DF63B08006CC253 /* Resources */ = {
			isa = PBXResourcesBuildPhase;
			buildActionMask = 2147483647;
			files = (
			);
			runOnlyForDeploymentPostprocessing = 0;
		};
		B59A431C2DF63B0B006CC253 /* Resources */ = {
			isa = PBXResourcesBuildPhase;
			buildActionMask = 2147483647;
			files = (
			);
			runOnlyForDeploymentPostprocessing = 0;
		};
		B59A43262DF63B0B006CC253 /* Resources */ = {
			isa = PBXResourcesBuildPhase;
			buildActionMask = 2147483647;
			files = (
			);
			runOnlyForDeploymentPostprocessing = 0;
		};
/* End PBXResourcesBuildPhase section */

/* Begin PBXSourcesBuildPhase section */
		B59A430D2DF63B08006CC253 /* Sources */ = {
			isa = PBXSourcesBuildPhase;
			buildActionMask = 2147483647;
			files = (
			);
			runOnlyForDeploymentPostprocessing = 0;
		};
		B59A431A2DF63B0B006CC253 /* Sources */ = {
			isa = PBXSourcesBuildPhase;
			buildActionMask = 2147483647;
			files = (
			);
			runOnlyForDeploymentPostprocessing = 0;
		};
		B59A43242DF63B0B006CC253 /* Sources */ = {
			isa = PBXSourcesBuildPhase;
			buildActionMask = 2147483647;
			files = (
			);
			runOnlyForDeploymentPostprocessing = 0;
		};
/* End PBXSourcesBuildPhase section */

/* Begin PBXTargetDependency section */
		B59A43202DF63B0B006CC253 /* PBXTargetDependency */ = {
			isa = PBXTargetDependency;
			target = B59A43102DF63B08006CC253 /* Motive */;
			targetProxy = B59A431F2DF63B0B006CC253 /* PBXContainerItemProxy */;
		};
		B59A432A2DF63B0B006CC253 /* PBXTargetDependency */ = {
			isa = PBXTargetDependency;
			target = B59A43102DF63B08006CC253 /* Motive */;
			targetProxy = B59A43292DF63B0B006CC253 /* PBXContainerItemProxy */;
		};
/* End PBXTargetDependency section */

/* Begin XCBuildConfiguration section */
		B59A43302DF63B0B006CC253 /* Debug */ = {
			isa = XCBuildConfiguration;
			buildSettings = {
				ALWAYS_SEARCH_USER_PATHS = NO;
				ASSETCATALOG_COMPILER_GENERATE_SWIFT_ASSET_SYMBOL_EXTENSIONS = YES;
				CLANG_ANALYZER_NONNULL = YES;
				CLANG_ANALYZER_NUMBER_OBJECT_CONVERSION = YES_AGGRESSIVE;
				CLANG_CXX_LANGUAGE_STANDARD = "gnu++20";
				CLANG_ENABLE_MODULES = YES;
				CLANG_ENABLE_OBJC_ARC = YES;
				CLANG_ENABLE_OBJC_WEAK = YES;
				CLANG_WARN_BLOCK_CAPTURE_AUTORELEASING = YES;
				CLANG_WARN_BOOL_CONVERSION = YES;
				CLANG_WARN_COMMA = YES;
				CLANG_WARN_CONSTANT_CONVERSION = YES;
				CLANG_WARN_DEPRECATED_OBJC_IMPLEMENTATIONS = YES;
				CLANG_WARN_DIRECT_OBJC_ISA_USAGE = YES_ERROR;
				CLANG_WARN_DOCUMENTATION_COMMENTS = YES;
				CLANG_WARN_EMPTY_BODY = YES;
				CLANG_WARN_ENUM_CONVERSION = YES;
				CLANG_WARN_INFINITE_RECURSION = YES;
				CLANG_WARN_INT_CONVERSION = YES;
				CLANG_WARN_NON_LITERAL_NULL_CONVERSION = YES;
				CLANG_WARN_OBJC_IMPLICIT_RETAIN_SELF = YES;
				CLANG_WARN_OBJC_LITERAL_CONVERSION = YES;
				CLANG_WARN_OBJC_ROOT_CLASS = YES_ERROR;
				CLANG_WARN_QUOTED_INCLUDE_IN_FRAMEWORK_HEADER = YES;
				CLANG_WARN_RANGE_LOOP_ANALYSIS = YES;
				CLANG_WARN_STRICT_PROTOTYPES = YES;
				CLANG_WARN_SUSPICIOUS_MOVE = YES;
				CLANG_WARN_UNGUARDED_AVAILABILITY = YES_AGGRESSIVE;
				CLANG_WARN_UNREACHABLE_CODE = YES;
				CLANG_WARN__DUPLICATE_METHOD_MATCH = YES;
				COPY_PHASE_STRIP = NO;
				DEBUG_INFORMATION_FORMAT = dwarf;
				ENABLE_STRICT_OBJC_MSGSEND = YES;
				ENABLE_TESTABILITY = YES;
				ENABLE_USER_SCRIPT_SANDBOXING = YES;
				GCC_C_LANGUAGE_STANDARD = gnu17;
				GCC_DYNAMIC_NO_PIC = NO;
				GCC_NO_COMMON_BLOCKS = YES;
				GCC_OPTIMIZATION_LEVEL = 0;
				GCC_PREPROCESSOR_DEFINITIONS = (
					"DEBUG=1",
					"$(inherited)",
				);
				GCC_WARN_64_TO_32_BIT_CONVERSION = YES;
				GCC_WARN_ABOUT_RETURN_TYPE = YES_ERROR;
				GCC_WARN_UNDECLARED_SELECTOR = YES;
				GCC_WARN_UNINITIALIZED_AUTOS = YES_AGGRESSIVE;
				GCC_WARN_UNUSED_FUNCTION = YES;
				GCC_WARN_UNUSED_VARIABLE = YES;
				IPHONEOS_DEPLOYMENT_TARGET = 18.5;
				LOCALIZATION_PREFERS_STRING_CATALOGS = YES;
				MTL_ENABLE_DEBUG_INFO = INCLUDE_SOURCE;
				MTL_FAST_MATH = YES;
				ONLY_ACTIVE_ARCH = YES;
				SDKROOT = iphoneos;
				SWIFT_ACTIVE_COMPILATION_CONDITIONS = "DEBUG $(inherited)";
				SWIFT_OPTIMIZATION_LEVEL = "-Onone";
			};
			name = Debug;
		};
		B59A43312DF63B0B006CC253 /* Release */ = {
			isa = XCBuildConfiguration;
			buildSettings = {
				ALWAYS_SEARCH_USER_PATHS = NO;
				ASSETCATALOG_COMPILER_GENERATE_SWIFT_ASSET_SYMBOL_EXTENSIONS = YES;
				CLANG_ANALYZER_NONNULL = YES;
				CLANG_ANALYZER_NUMBER_OBJECT_CONVERSION = YES_AGGRESSIVE;
				CLANG_CXX_LANGUAGE_STANDARD = "gnu++20";
				CLANG_ENABLE_MODULES = YES;
				CLANG_ENABLE_OBJC_ARC = YES;
				CLANG_ENABLE_OBJC_WEAK = YES;
				CLANG_WARN_BLOCK_CAPTURE_AUTORELEASING = YES;
				CLANG_WARN_BOOL_CONVERSION = YES;
				CLANG_WARN_COMMA = YES;
				CLANG_WARN_CONSTANT_CONVERSION = YES;
				CLANG_WARN_DEPRECATED_OBJC_IMPLEMENTATIONS = YES;
				CLANG_WARN_DIRECT_OBJC_ISA_USAGE = YES_ERROR;
				CLANG_WARN_DOCUMENTATION_COMMENTS = YES;
				CLANG_WARN_EMPTY_BODY = YES;
				CLANG_WARN_ENUM_CONVERSION = YES;
				CLANG_WARN_INFINITE_RECURSION = YES;
				CLANG_WARN_INT_CONVERSION = YES;
				CLANG_WARN_NON_LITERAL_NULL_CONVERSION = YES;
				CLANG_WARN_OBJC_IMPLICIT_RETAIN_SELF = YES;
				CLANG_WARN_OBJC_LITERAL_CONVERSION = YES;
				CLANG_WARN_OBJC_ROOT_CLASS = YES_ERROR;
				CLANG_WARN_QUOTED_INCLUDE_IN_FRAMEWORK_HEADER = YES;
				CLANG_WARN_RANGE_LOOP_ANALYSIS = YES;
				CLANG_WARN_STRICT_PROTOTYPES = YES;
				CLANG_WARN_SUSPICIOUS_MOVE = YES;
				CLANG_WARN_UNGUARDED_AVAILABILITY = YES_AGGRESSIVE;
				CLANG_WARN_UNREACHABLE_CODE = YES;
				CLANG_WARN__DUPLICATE_METHOD_MATCH = YES;
				COPY_PHASE_STRIP = NO;
				DEBUG_INFORMATION_FORMAT = "dwarf-with-dsym";
				ENABLE_NS_ASSERTIONS = NO;
				ENABLE_STRICT_OBJC_MSGSEND = YES;
				ENABLE_USER_SCRIPT_SANDBOXING = YES;
				GCC_C_LANGUAGE_STANDARD = gnu17;
				GCC_NO_COMMON_BLOCKS = YES;
				GCC_WARN_64_TO_32_BIT_CONVERSION = YES;
				GCC_WARN_ABOUT_RETURN_TYPE = YES_ERROR;
				GCC_WARN_UNDECLARED_SELECTOR = YES;
				GCC_WARN_UNINITIALIZED_AUTOS = YES_AGGRESSIVE;
				GCC_WARN_UNUSED_FUNCTION = YES;
				GCC_WARN_UNUSED_VARIABLE = YES;
				IPHONEOS_DEPLOYMENT_TARGET = 18.5;
				LOCALIZATION_PREFERS_STRING_CATALOGS = YES;
				MTL_ENABLE_DEBUG_INFO = NO;
				MTL_FAST_MATH = YES;
				SDKROOT = iphoneos;
				SWIFT_COMPILATION_MODE = wholemodule;
				VALIDATE_PRODUCT = YES;
			};
			name = Release;
		};
		B59A43332DF63B0B006CC253 /* Debug */ = {
			isa = XCBuildConfiguration;
			buildSettings = {
				ASSETCATALOG_COMPILER_APPICON_NAME = AppIcon;
				ASSETCATALOG_COMPILER_GLOBAL_ACCENT_COLOR_NAME = AccentColor;
				CODE_SIGN_STYLE = Automatic;
				CURRENT_PROJECT_VERSION = 1;
				ENABLE_PREVIEWS = YES;
				GENERATE_INFOPLIST_FILE = YES;
				INFOPLIST_KEY_UIApplicationSceneManifest_Generation = YES;
				INFOPLIST_KEY_UIApplicationSupportsIndirectInputEvents = YES;
				INFOPLIST_KEY_UILaunchScreen_Generation = YES;
				INFOPLIST_KEY_UISupportedInterfaceOrientations_iPad = "UIInterfaceOrientationPortrait UIInterfaceOrientationPortraitUpsideDown UIInterfaceOrientationLandscapeLeft UIInterfaceOrientationLandscapeRight";
				INFOPLIST_KEY_UISupportedInterfaceOrientations_iPhone = "UIInterfaceOrientationPortrait UIInterfaceOrientationLandscapeLeft UIInterfaceOrientationLandscapeRight";
				LD_RUNPATH_SEARCH_PATHS = (
					"$(inherited)",
					"@executable_path/Frameworks",
				);
				MARKETING_VERSION = 1.0;
				PRODUCT_BUNDLE_IDENTIFIER = Motive.Motive;
				PRODUCT_NAME = "$(TARGET_NAME)";
				SWIFT_EMIT_LOC_STRINGS = YES;
				SWIFT_VERSION = 5.0;
				TARGETED_DEVICE_FAMILY = "1,2";
			};
			name = Debug;
		};
		B59A43342DF63B0B006CC253 /* Release */ = {
			isa = XCBuildConfiguration;
			buildSettings = {
				ASSETCATALOG_COMPILER_APPICON_NAME = AppIcon;
				ASSETCATALOG_COMPILER_GLOBAL_ACCENT_COLOR_NAME = AccentColor;
				CODE_SIGN_STYLE = Automatic;
				CURRENT_PROJECT_VERSION = 1;
				ENABLE_PREVIEWS = YES;
				GENERATE_INFOPLIST_FILE = YES;
				INFOPLIST_KEY_UIApplicationSceneManifest_Generation = YES;
				INFOPLIST_KEY_UIApplicationSupportsIndirectInputEvents = YES;
				INFOPLIST_KEY_UILaunchScreen_Generation = YES;
				INFOPLIST_KEY_UISupportedInterfaceOrientations_iPad = "UIInterfaceOrientationPortrait UIInterfaceOrientationPortraitUpsideDown UIInterfaceOrientationLandscapeLeft UIInterfaceOrientationLandscapeRight";
				INFOPLIST_KEY_UISupportedInterfaceOrientations_iPhone = "UIInterfaceOrientationPortrait UIInterfaceOrientationLandscapeLeft UIInterfaceOrientationLandscapeRight";
				LD_RUNPATH_SEARCH_PATHS = (
					"$(inherited)",
					"@executable_path/Frameworks",
				);
				MARKETING_VERSION = 1.0;
				PRODUCT_BUNDLE_IDENTIFIER = Motive.Motive;
				PRODUCT_NAME = "$(TARGET_NAME)";
				SWIFT_EMIT_LOC_STRINGS = YES;
				SWIFT_VERSION = 5.0;
				TARGETED_DEVICE_FAMILY = "1,2";
			};
			name = Release;
		};
		B59A43362DF63B0B006CC253 /* Debug */ = {
			isa = XCBuildConfiguration;
			buildSettings = {
				BUNDLE_LOADER = "$(TEST_HOST)";
				CODE_SIGN_STYLE = Automatic;
				CURRENT_PROJECT_VERSION = 1;
				GENERATE_INFOPLIST_FILE = YES;
				IPHONEOS_DEPLOYMENT_TARGET = 18.5;
				MARKETING_VERSION = 1.0;
				PRODUCT_BUNDLE_IDENTIFIER = Motive.MotiveTests;
				PRODUCT_NAME = "$(TARGET_NAME)";
				SWIFT_EMIT_LOC_STRINGS = NO;
				SWIFT_VERSION = 5.0;
				TARGETED_DEVICE_FAMILY = "1,2";
				TEST_HOST = "$(BUILT_PRODUCTS_DIR)/Motive.app/$(BUNDLE_EXECUTABLE_FOLDER_PATH)/Motive";
			};
			name = Debug;
		};
		B59A43372DF63B0B006CC253 /* Release */ = {
			isa = XCBuildConfiguration;
			buildSettings = {
				BUNDLE_LOADER = "$(TEST_HOST)";
				CODE_SIGN_STYLE = Automatic;
				CURRENT_PROJECT_VERSION = 1;
				GENERATE_INFOPLIST_FILE = YES;
				IPHONEOS_DEPLOYMENT_TARGET = 18.5;
				MARKETING_VERSION = 1.0;
				PRODUCT_BUNDLE_IDENTIFIER = Motive.MotiveTests;
				PRODUCT_NAME = "$(TARGET_NAME)";
				SWIFT_EMIT_LOC_STRINGS = NO;
				SWIFT_VERSION = 5.0;
				TARGETED_DEVICE_FAMILY = "1,2";
				TEST_HOST = "$(BUILT_PRODUCTS_DIR)/Motive.app/$(BUNDLE_EXECUTABLE_FOLDER_PATH)/Motive";
			};
			name = Release;
		};
		B59A43392DF63B0B006CC253 /* Debug */ = {
			isa = XCBuildConfiguration;
			buildSettings = {
				CODE_SIGN_STYLE = Automatic;
				CURRENT_PROJECT_VERSION = 1;
				GENERATE_INFOPLIST_FILE = YES;
				MARKETING_VERSION = 1.0;
				PRODUCT_BUNDLE_IDENTIFIER = Motive.MotiveUITests;
				PRODUCT_NAME = "$(TARGET_NAME)";
				SWIFT_EMIT_LOC_STRINGS = NO;
				SWIFT_VERSION = 5.0;
				TARGETED_DEVICE_FAMILY = "1,2";
				TEST_TARGET_NAME = Motive;
			};
			name = Debug;
		};
		B59A433A2DF63B0B006CC253 /* Release */ = {
			isa = XCBuildConfiguration;
			buildSettings = {
				CODE_SIGN_STYLE = Automatic;
				CURRENT_PROJECT_VERSION = 1;
				GENERATE_INFOPLIST_FILE = YES;
				MARKETING_VERSION = 1.0;
				PRODUCT_BUNDLE_IDENTIFIER = Motive.MotiveUITests;
				PRODUCT_NAME = "$(TARGET_NAME)";
				SWIFT_EMIT_LOC_STRINGS = NO;
				SWIFT_VERSION = 5.0;
				TARGETED_DEVICE_FAMILY = "1,2";
				TEST_TARGET_NAME = Motive;
			};
			name = Release;
		};
/* End XCBuildConfiguration section */

/* Begin XCConfigurationList section */
		B59A430C2DF63B08006CC253 /* Build configuration list for PBXProject "Motive" */ = {
			isa = XCConfigurationList;
			buildConfigurations = (
				B59A43302DF63B0B006CC253 /* Debug */,
				B59A43312DF63B0B006CC253 /* Release */,
			);
			defaultConfigurationIsVisible = 0;
			defaultConfigurationName = Release;
		};
		B59A43322DF63B0B006CC253 /* Build configuration list for PBXNativeTarget "Motive" */ = {
			isa = XCConfigurationList;
			buildConfigurations = (
				B59A43332DF63B0B006CC253 /* Debug */,
				B59A43342DF63B0B006CC253 /* Release */,
			);
			defaultConfigurationIsVisible = 0;
			defaultConfigurationName = Release;
		};
		B59A43352DF63B0B006CC253 /* Build configuration list for PBXNativeTarget "MotiveTests" */ = {
			isa = XCConfigurationList;
			buildConfigurations = (
				B59A43362DF63B0B006CC253 /* Debug */,
				B59A43372DF63B0B006CC253 /* Release */,
			);
			defaultConfigurationIsVisible = 0;
			defaultConfigurationName = Release;
		};
		B59A43382DF63B0B006CC253 /* Build configuration list for PBXNativeTarget "MotiveUITests" */ = {
			isa = XCConfigurationList;
			buildConfigurations = (
				B59A43392DF63B0B006CC253 /* Debug */,
				B59A433A2DF63B0B006CC253 /* Release */,
			);
			defaultConfigurationIsVisible = 0;
			defaultConfigurationName = Release;
		};
/* End XCConfigurationList section */
	};
	rootObject = B59A43092DF63B08006CC253 /* Project object */;
}
